
Microsoft Visual Studio Solution File, Format Version 12.00
# Visual Studio Version 17
VisualStudioVersion = 17.5.002.0
MinimumVisualStudioVersion = 10.0.40219.1
Project("{2150E333-8FDC-42A3-9474-1A3956D46DE8}") = "Labfiles", "Labfiles", "{00BCC809-9127-4030-A926-E45E54A10A8C}"
EndProject
Project("{2150E333-8FDC-42A3-9474-1A3956D46DE8}") = "01-analyze-images", "01-analyze-images", "{3AC6FB10-AEEC-451E-ADB5-8AD1FE6C094A}"
EndProject
Project("{2150E333-8FDC-42A3-9474-1A3956D46DE8}") = "C-Sharp", "C-Sharp", "{A55B43EE-E0A5-4C88-8A14-DD639B601BDF}"
EndProject
Project("{9A19103F-16F7-4668-BE54-9A1E7A4F7556}") = "image-analysis", "Labfiles\01-analyze-images\C-Sharp\image-analysis\image-analysis.csproj", "{24088552-12B7-4624-B2B4-7ECFB855B87D}"
EndProject
Project("{2150E333-8FDC-42A3-9474-1A3956D46DE8}") = "03-object-detection", "03-object-detection", "{7EB12306-13CD-49D7-9E21-4678848D2CC5}"
EndProject
Project("{2150E333-8FDC-42A3-9474-1A3956D46DE8}") = "C-Sharp", "C-Sharp", "{172E4E66-DAA7-4D99-AD73-562FB8D3326A}"
EndProject
Project("{9A19103F-16F7-4668-BE54-9A1E7A4F7556}") = "test-detector", "Labfiles\03-object-detection\C-Sharp\test-detector\test-detector.csproj", "{2190A1C4-F452-48AC-A158-53A290C3BC42}"
EndProject
Project("{9A19103F-16F7-4668-BE54-9A1E7A4F7556}") = "train-detector", "Labfiles\03-object-detection\C-Sharp\train-detector\train-detector.csproj", "{38DD3E1F-940F-4B2F-83EA-EF6000B228DE}"
EndProject
Project("{2150E333-8FDC-42A3-9474-1A3956D46DE8}") = "04-face", "04-face", "{2B763742-E7D3-4A02-800C-74B8947C7620}"
EndProject
Project("{2150E333-8FDC-42A3-9474-1A3956D46DE8}") = "C-Sharp", "C-Sharp", "{43804B63-11AA-4B51-BF7C-6ECDC2B7CC83}"
EndProject
Project("{9A19103F-16F7-4668-BE54-9A1E7A4F7556}") = "detect-people", "Labfiles\04-face\C-Sharp\computer-vision\detect-people.csproj", "{26A4E178-4236-4F56-B0FD-55384B6557DB}"
EndProject
Project("{9A19103F-16F7-4668-BE54-9A1E7A4F7556}") = "analyze-faces", "Labfiles\04-face\C-Sharp\face-api\analyze-faces.csproj", "{541E7ED8-263F-48DC-8F55-E1568D3AEBAD}"
EndProject
Project("{2150E333-8FDC-42A3-9474-1A3956D46DE8}") = "05-ocr", "05-ocr", "{0FD4FE1A-3752-4808-AE73-45263645F0EB}"
EndProject
Project("{2150E333-8FDC-42A3-9474-1A3956D46DE8}") = "C-Sharp", "C-Sharp", "{AF756AAE-5648-475E-9F2D-9E0D9F66C1FC}"
EndProject
Project("{9A19103F-16F7-4668-BE54-9A1E7A4F7556}") = "read-text", "Labfiles\05-ocr\C-Sharp\read-text\read-text.csproj", "{5EC6FF3D-CCA9-4A5D-9445-063688499C3D}"
EndProject
Project("{2150E333-8FDC-42A3-9474-1A3956D46DE8}") = "07-custom-vision-image-classification", "07-custom-vision-image-classification", "{E64541C9-B511-4FE1-B470-F65C949727B2}"
EndProject
Project("{2150E333-8FDC-42A3-9474-1A3956D46DE8}") = "C-Sharp", "C-Sharp", "{77D82884-DF5A-43A5-A4D6-6DEA07C93DC9}"
EndProject
Project("{9A19103F-16F7-4668-BE54-9A1E7A4F7556}") = "test-classifier", "Labfiles\07-custom-vision-image-classification\C-Sharp\test-classifier\test-classifier.csproj", "{569B3F74-B839-444F-A032-EDFC4FE0443B}"
EndProject
Project("{9A19103F-16F7-4668-BE54-9A1E7A4F7556}") = "train-classifier", "Labfiles\07-custom-vision-image-classification\C-Sharp\train-classifier\train-classifier.csproj", "{AED91B78-E088-4F90-998E-58F842313373}"
EndProject
Global
	GlobalSection(SolutionConfigurationPlatforms) = preSolution
		Debug|Any CPU = Debug|Any CPU
		Release|Any CPU = Release|Any CPU
	EndGlobalSection
	GlobalSection(ProjectConfigurationPlatforms) = postSolution
		{24088552-12B7-4624-B2B4-7ECFB855B87D}.Debug|Any CPU.ActiveCfg = Debug|Any CPU
		{24088552-12B7-4624-B2B4-7ECFB855B87D}.Debug|Any CPU.Build.0 = Debug|Any CPU
		{24088552-12B7-4624-B2B4-7ECFB855B87D}.Release|Any CPU.ActiveCfg = Release|Any CPU
		{24088552-12B7-4624-B2B4-7ECFB855B87D}.Release|Any CPU.Build.0 = Release|Any CPU
		{2190A1C4-F452-48AC-A158-53A290C3BC42}.Debug|Any CPU.ActiveCfg = Debug|Any CPU
		{2190A1C4-F452-48AC-A158-53A290C3BC42}.Debug|Any CPU.Build.0 = Debug|Any CPU
		{2190A1C4-F452-48AC-A158-53A290C3BC42}.Release|Any CPU.ActiveCfg = Release|Any CPU
		{2190A1C4-F452-48AC-A158-53A290C3BC42}.Release|Any CPU.Build.0 = Release|Any CPU
		{38DD3E1F-940F-4B2F-83EA-EF6000B228DE}.Debug|Any CPU.ActiveCfg = Debug|Any CPU
		{38DD3E1F-940F-4B2F-83EA-EF6000B228DE}.Debug|Any CPU.Build.0 = Debug|Any CPU
		{38DD3E1F-940F-4B2F-83EA-EF6000B228DE}.Release|Any CPU.ActiveCfg = Release|Any CPU
		{38DD3E1F-940F-4B2F-83EA-EF6000B228DE}.Release|Any CPU.Build.0 = Release|Any CPU
		{26A4E178-4236-4F56-B0FD-55384B6557DB}.Debug|Any CPU.ActiveCfg = Debug|Any CPU
		{26A4E178-4236-4F56-B0FD-55384B6557DB}.Debug|Any CPU.Build.0 = Debug|Any CPU
		{26A4E178-4236-4F56-B0FD-55384B6557DB}.Release|Any CPU.ActiveCfg = Release|Any CPU
		{26A4E178-4236-4F56-B0FD-55384B6557DB}.Release|Any CPU.Build.0 = Release|Any CPU
		{541E7ED8-263F-48DC-8F55-E1568D3AEBAD}.Debug|Any CPU.ActiveCfg = Debug|Any CPU
		{541E7ED8-263F-48DC-8F55-E1568D3AEBAD}.Debug|Any CPU.Build.0 = Debug|Any CPU
		{541E7ED8-263F-48DC-8F55-E1568D3AEBAD}.Release|Any CPU.ActiveCfg = Release|Any CPU
		{541E7ED8-263F-48DC-8F55-E1568D3AEBAD}.Release|Any CPU.Build.0 = Release|Any CPU
		{5EC6FF3D-CCA9-4A5D-9445-063688499C3D}.Debug|Any CPU.ActiveCfg = Debug|Any CPU
		{5EC6FF3D-CCA9-4A5D-9445-063688499C3D}.Debug|Any CPU.Build.0 = Debug|Any CPU
		{5EC6FF3D-CCA9-4A5D-9445-063688499C3D}.Release|Any CPU.ActiveCfg = Release|Any CPU
		{5EC6FF3D-CCA9-4A5D-9445-063688499C3D}.Release|Any CPU.Build.0 = Release|Any CPU
		{569B3F74-B839-444F-A032-EDFC4FE0443B}.Debug|Any CPU.ActiveCfg = Debug|Any CPU
		{569B3F74-B839-444F-A032-EDFC4FE0443B}.Debug|Any CPU.Build.0 = Debug|Any CPU
		{569B3F74-B839-444F-A032-EDFC4FE0443B}.Release|Any CPU.ActiveCfg = Release|Any CPU
		{569B3F74-B839-444F-A032-EDFC4FE0443B}.Release|Any CPU.Build.0 = Release|Any CPU
		{AED91B78-E088-4F90-998E-58F842313373}.Debug|Any CPU.ActiveCfg = Debug|Any CPU
		{AED91B78-E088-4F90-998E-58F842313373}.Debug|Any CPU.Build.0 = Debug|Any CPU
		{AED91B78-E088-4F90-998E-58F842313373}.Release|Any CPU.ActiveCfg = Release|Any CPU
		{AED91B78-E088-4F90-998E-58F842313373}.Release|Any CPU.Build.0 = Release|Any CPU
	EndGlobalSection
	GlobalSection(SolutionProperties) = preSolution
		HideSolutionNode = FALSE
	EndGlobalSection
	GlobalSection(NestedProjects) = preSolution
		{3AC6FB10-AEEC-451E-ADB5-8AD1FE6C094A} = {00BCC809-9127-4030-A926-E45E54A10A8C}
		{A55B43EE-E0A5-4C88-8A14-DD639B601BDF} = {3AC6FB10-AEEC-451E-ADB5-8AD1FE6C094A}
		{24088552-12B7-4624-B2B4-7ECFB855B87D} = {A55B43EE-E0A5-4C88-8A14-DD639B601BDF}
		{7EB12306-13CD-49D7-9E21-4678848D2CC5} = {00BCC809-9127-4030-A926-E45E54A10A8C}
		{172E4E66-DAA7-4D99-AD73-562FB8D3326A} = {7EB12306-13CD-49D7-9E21-4678848D2CC5}
		{2190A1C4-F452-48AC-A158-53A290C3BC42} = {172E4E66-DAA7-4D99-AD73-562FB8D3326A}
		{38DD3E1F-940F-4B2F-83EA-EF6000B228DE} = {172E4E66-DAA7-4D99-AD73-562FB8D3326A}
		{2B763742-E7D3-4A02-800C-74B8947C7620} = {00BCC809-9127-4030-A926-E45E54A10A8C}
		{43804B63-11AA-4B51-BF7C-6ECDC2B7CC83} = {2B763742-E7D3-4A02-800C-74B8947C7620}
		{26A4E178-4236-4F56-B0FD-55384B6557DB} = {43804B63-11AA-4B51-BF7C-6ECDC2B7CC83}
		{541E7ED8-263F-48DC-8F55-E1568D3AEBAD} = {43804B63-11AA-4B51-BF7C-6ECDC2B7CC83}
		{0FD4FE1A-3752-4808-AE73-45263645F0EB} = {00BCC809-9127-4030-A926-E45E54A10A8C}
		{AF756AAE-5648-475E-9F2D-9E0D9F66C1FC} = {0FD4FE1A-3752-4808-AE73-45263645F0EB}
		{5EC6FF3D-CCA9-4A5D-9445-063688499C3D} = {AF756AAE-5648-475E-9F2D-9E0D9F66C1FC}
		{E64541C9-B511-4FE1-B470-F65C949727B2} = {00BCC809-9127-4030-A926-E45E54A10A8C}
		{77D82884-DF5A-43A5-A4D6-6DEA07C93DC9} = {E64541C9-B511-4FE1-B470-F65C949727B2}
		{569B3F74-B839-444F-A032-EDFC4FE0443B} = {77D82884-DF5A-43A5-A4D6-6DEA07C93DC9}
		{AED91B78-E088-4F90-998E-58F842313373} = {77D82884-DF5A-43A5-A4D6-6DEA07C93DC9}
	EndGlobalSection
	GlobalSection(ExtensibilityGlobals) = postSolution
		SolutionGuid = {E30428B2-A37E-4851-8442-0AD8EACC335F}
	EndGlobalSection
EndGlobal
